
Microsoft Visual Studio Solution File, Format Version 12.00
# Visual Studio Version 16
VisualStudioVersion = 16.0.31424.327
MinimumVisualStudioVersion = 10.0.40219.1
Project("{FAE04EC0-301F-11D3-BF4B-00C04F79EFBC}") = "RestoranTask", "RestoranTask\RestoranTask.csproj", "{B68732FB-4DD9-40CA-99B0-2E47D926730F}"
EndProject
Global
	GlobalSection(SolutionConfigurationPlatforms) = preSolution
		Debug|Any CPU = Debug|Any CPU
		Release|Any CPU = Release|Any CPU
	EndGlobalSection
	GlobalSection(ProjectConfigurationPlatforms) = postSolution
		{B68732FB-4DD9-40CA-99B0-2E47D926730F}.Debug|Any CPU.ActiveCfg = Debug|Any CPU
		{B68732FB-4DD9-40CA-99B0-2E47D926730F}.Debug|Any CPU.Build.0 = Debug|Any CPU
		{B68732FB-4DD9-40CA-99B0-2E47D926730F}.Release|Any CPU.ActiveCfg = Release|Any CPU
		{B68732FB-4DD9-40CA-99B0-2E47D926730F}.Release|Any CPU.Build.0 = Release|Any CPU
	EndGlobalSection
	GlobalSection(SolutionProperties) = preSolution
		HideSolutionNode = FALSE
	EndGlobalSection
	GlobalSection(ExtensibilityGlobals) = postSolution
		SolutionGuid = {E3561CDC-A764-4AD5-A2BA-A53E13E27166}
	EndGlobalSection
EndGlobal
